
Microsoft Visual Studio Solution File, Format Version 12.00
# Visual Studio Version 17
VisualStudioVersion = 17.7.34031.279
MinimumVisualStudioVersion = 10.0.40219.1
Project("{FAE04EC0-301F-11D3-BF4B-00C04F79EFBC}") = "TcpServer", "TcpServer\TcpServer.csproj", "{183D3D1D-908F-4449-B4B4-40B27FEB48A7}"
EndProject
Project("{FAE04EC0-301F-11D3-BF4B-00C04F79EFBC}") = "SharedLib", "..\SharedLib\SharedLib\SharedLib.csproj", "{B6407DA8-52A9-43BD-9CBB-F64EF7D6C83A}"
EndProject
Global
	GlobalSection(SolutionConfigurationPlatforms) = preSolution
		Debug|Any CPU = Debug|Any CPU
		Release|Any CPU = Release|Any CPU
	EndGlobalSection
	GlobalSection(ProjectConfigurationPlatforms) = postSolution
		{183D3D1D-908F-4449-B4B4-40B27FEB48A7}.Debug|Any CPU.ActiveCfg = Debug|Any CPU
		{183D3D1D-908F-4449-B4B4-40B27FEB48A7}.Debug|Any CPU.Build.0 = Debug|Any CPU
		{183D3D1D-908F-4449-B4B4-40B27FEB48A7}.Release|Any CPU.ActiveCfg = Release|Any CPU
		{183D3D1D-908F-4449-B4B4-40B27FEB48A7}.Release|Any CPU.Build.0 = Release|Any CPU
		{B6407DA8-52A9-43BD-9CBB-F64EF7D6C83A}.Debug|Any CPU.ActiveCfg = Debug|Any CPU
		{B6407DA8-52A9-43BD-9CBB-F64EF7D6C83A}.Debug|Any CPU.Build.0 = Debug|Any CPU
		{B6407DA8-52A9-43BD-9CBB-F64EF7D6C83A}.Release|Any CPU.ActiveCfg = Release|Any CPU
		{B6407DA8-52A9-43BD-9CBB-F64EF7D6C83A}.Release|Any CPU.Build.0 = Release|Any CPU
	EndGlobalSection
	GlobalSection(SolutionProperties) = preSolution
		HideSolutionNode = FALSE
	EndGlobalSection
	GlobalSection(ExtensibilityGlobals) = postSolution
		SolutionGuid = {415543F1-91AF-4C3E-AC8A-ECB385B26C1C}
	EndGlobalSection
EndGlobal
